<?xml version="1.0" encoding="utf-8"?>
<Project ToolsVersion="4.0" xmlns="http://schemas.microsoft.com/developer/msbuild/2003">
  <ItemGroup>
    <Filter Include="ソース ファイル">
      <UniqueIdentifier>{4FC737F1-C7A5-4376-A066-2A32D752A2FF}</UniqueIdentifier>
      <Extensions>cpp;c;cc;cxx;c++;cppm;ixx;def;odl;idl;hpj;bat;asm;asmx</Extensions>
    </Filter>
    <Filter Include="ヘッダー ファイル">
      <UniqueIdentifier>{93995380-89BD-4b04-88EB-625FBE52EBFB}</UniqueIdentifier>
      <Extensions>h;hh;hpp;hxx;h++;hm;inl;inc;ipp;xsd</Extensions>
    </Filter>
    <Filter Include="リソース ファイル">
      <UniqueIdentifier>{67DA6AB6-F800-4c08-8B7A-83BB121AAD01}</UniqueIdentifier>
      <Extensions>rc;ico;cur;bmp;dlg;rc2;rct;bin;rgs;gif;jpg;jpeg;jpe;resx;tiff;tif;png;wav;mfcribbon-ms</Extensions>
    </Filter>
    <Filter Include="imgui">
      <UniqueIdentifier>{d878ab2b-c5ca-44bd-bcd0-525042ccf28f}</UniqueIdentifier>
    </Filter>
    <Filter Include="application">
      <UniqueIdentifier>{b8f0197f-f56d-4c83-b1b4-1cc0b8cc3901}</UniqueIdentifier>
    </Filter>
    <Filter Include="application\scenes">
      <UniqueIdentifier>{386E3448-DAC1-437F-A5C1-C67F47A788C5}</UniqueIdentifier>
    </Filter>
    <Filter Include="application\characters">
      <UniqueIdentifier>{A3CDA732-593A-4C78-BDAE-E8B320B6191F}</UniqueIdentifier>
    </Filter>
    <Filter Include="application\core">
      <UniqueIdentifier>{84B37D22-1DFC-4C08-AEBE-68997723C73A}</UniqueIdentifier>
    </Filter>
    <Filter Include="engine">
      <UniqueIdentifier>{0a00b4e5-8996-409a-bcc6-4e0f3b8cbd83}</UniqueIdentifier>
    </Filter>
    <Filter Include="engine\collision">
      <UniqueIdentifier>{4FBD2209-294F-4C1D-B94B-CB9BA92E958A}</UniqueIdentifier>
    </Filter>
    <Filter Include="engine\core">
      <UniqueIdentifier>{e1d46a1a-33d3-4afa-8b0f-cd83e0500c56}</UniqueIdentifier>
    </Filter>
    <Filter Include="engine\2d">
      <UniqueIdentifier>{7b83d30d-38f6-4449-aad5-18871fbd3562}</UniqueIdentifier>
    </Filter>
    <Filter Include="engine\3d">
      <UniqueIdentifier>{49a0ad24-3d59-4c92-a041-e8af0ca2bcf1}</UniqueIdentifier>
    </Filter>
	<Filter Include="engine\core\diagnostics">
	  <UniqueIdentifier>{D22A4894-97D0-4E58-993A-EF62451B048E}</UniqueIdentifier>
	</Filter>
	<Filter Include="engine\core\timing">
	  <UniqueIdentifier>{B2A5E39F-BC3A-4BCE-B9AE-2CB3F89A7DB2}</UniqueIdentifier>
	</Filter>
	<Filter Include="engine\core\utility">
	  <UniqueIdentifier>{58D8EE0B-923F-4EC4-B6AC-F6ACACACCFB7}</UniqueIdentifier>
	</Filter>
	<Filter Include="engine\graphics">
	  <UniqueIdentifier>{5410893B-9F78-4C4A-BDD2-C2FC5D784657}</UniqueIdentifier>
	</Filter>
	<Filter Include="engine\graphics\resource">
	  <UniqueIdentifier>{52BC3A21-F692-4934-938A-D4D216C5F57E}</UniqueIdentifier>
	</Filter>
	<Filter Include="engine\graphics\debug">
	  <UniqueIdentifier>{A885B46D-27EF-4036-B16D-947E58E38C04}</UniqueIdentifier>
	</Filter>
	<Filter Include="engine\math">
	  <UniqueIdentifier>{E83158EE-F3B8-4016-81C5-5C4DF8F37146}</UniqueIdentifier>
	</Filter>
	<Filter Include="engine\input">
	  <UniqueIdentifier>{49CFFDE7-CC4D-4DA9-9E02-D681740761DD}</UniqueIdentifier>
	</Filter>
	<Filter Include="engine\scene">
	  <UniqueIdentifier>{C8B60755-EBAA-483A-AB4C-F2A6893F9690}</UniqueIdentifier>
	</Filter>
	<Filter Include="engine\3d\camera">
	  <UniqueIdentifier>{B4114EAE-9159-4789-B72B-63330160C68F}</UniqueIdentifier>
	</Filter>
	<Filter Include="engine\3d\model">
	  <UniqueIdentifier>{A8B121D0-C4F5-4C93-BA94-9D8D9FA4F31F}</UniqueIdentifier>
	</Filter>
	<Filter Include="engine\3d\object">
	  <UniqueIdentifier>{FEC1F184-A2EE-4EA0-9B7A-E7398C06B175}</UniqueIdentifier>
	</Filter>
	<Filter Include="engine\audio">
	  <UniqueIdentifier>{D25D0E1C-1217-4EEB-B6C1-03063382E64F}</UniqueIdentifier>
	</Filter>
  </ItemGroup>
  <ItemGroup>
    <ClCompile Include="application\characters\Enemy.cpp">
      <Filter>application\characters</Filter>
    </ClCompile>
    <ClCompile Include="application\characters\Player.cpp">
      <Filter>application\characters</Filter>
    </ClCompile>
    <ClCompile Include="application\core\Framework.cpp">
      <Filter>application\core</Filter>
    </ClCompile>
    <ClCompile Include="application\scenes\GameScene.cpp">
      <Filter>application\scenes</Filter>
    </ClCompile>
    <ClCompile Include="application\core\MyGame.cpp">
      <Filter>application\core</Filter>
    </ClCompile>
    <ClCompile Include="application\main.cpp">
      <Filter>application</Filter>
    </ClCompile>
	<ClCompile Include="engine\audio\Audio.cpp">
	  <Filter>engine\audio</Filter>
	</ClCompile>
    <ClCompile Include="engine\collision\Collision.cpp">
      <Filter>engine\collision</Filter>
    </ClCompile>
    <ClCompile Include="externals\imgui\imgui.cpp">
      <Filter>imgui</Filter>
    </ClCompile>
    <ClCompile Include="externals\imgui\imgui_demo.cpp">
      <Filter>imgui</Filter>
    </ClCompile>
    <ClCompile Include="externals\imgui\imgui_draw.cpp">
      <Filter>imgui</Filter>
    </ClCompile>
    <ClCompile Include="externals\imgui\imgui_impl_win32.cpp">
      <Filter>imgui</Filter>
    </ClCompile>
    <ClCompile Include="externals\imgui\imgui_tables.cpp">
      <Filter>imgui</Filter>
    </ClCompile>
    <ClCompile Include="externals\imgui\imgui_widgets.cpp">
      <Filter>imgui</Filter>
    </ClCompile>
    <ClCompile Include="externals\imgui\imgui_impl_dx12.cpp">
      <Filter>imgui</Filter>
    </ClCompile>
	<ClCompile Include="engine\input\Input.cpp">
      <Filter>engine\input</Filter>
	</ClCompile>
	<ClCompile Include="engine\scene\SceneManager.cpp">
	  <Filter>engine\scene</Filter>
	</ClCompile>
	<ClCompile Include="engine\graphics\debug\ImGuiManager.cpp">
		<Filter>engine\graphics\debug</Filter>
	</ClCompile>
    <ClCompile Include="engine\core\WinApp.cpp">
      <Filter>engine\core</Filter>
    </ClCompile>
    <ClCompile Include="engine\core\DirectXCommon.cpp">
      <Filter>engine\core</Filter>
    </ClCompile>
    <ClCompile Include="engine\core\timing\FrameRateController.cpp">
      <Filter>engine\core\timing</Filter>
    </ClCompile>
    <ClCompile Include="engine\core\diagnostics\HResult.cpp">
      <Filter>engine\core\diagnostics</Filter>
    </ClCompile>
    <ClCompile Include="engine\core\utility\StringUtility.cpp">
      <Filter>engine\core\utility</Filter>
    </ClCompile>
    <ClCompile Include="engine\core\diagnostics\Logger.cpp">
      <Filter>engine\core\diagnostics</Filter>
    </ClCompile>
    <ClCompile Include="engine\core\timing\Time.cpp">
      <Filter>engine\core\timing</Filter>
    </ClCompile>
    <ClCompile Include="engine\core\diagnostics\D3DResourceLeakChecker.cpp">
      <Filter>engine\core\diagnostics</Filter>
    </ClCompile>
    <ClCompile Include="engine\2d\SpriteCommon.cpp">
      <Filter>engine\2d</Filter>
    </ClCompile>
    <ClCompile Include="engine\2d\Sprite.cpp">
      <Filter>engine\2d</Filter>
    </ClCompile>
    <ClCompile Include="engine\3d\object\Object3dCommon.cpp">
      <Filter>engine\3d\object</Filter>
    </ClCompile>
    <ClCompile Include="engine\3d\object\Object3d.cpp">
      <Filter>engine\3d\object</Filter>
    </ClCompile>
    <ClCompile Include="engine\3d\camera\Camera.cpp">
      <Filter>engine\3d\camera</Filter>
    </ClCompile>
    <ClCompile Include="engine\3d\model\MeshGenerator.cpp">
      <Filter>engine\3d\model</Filter>
    </ClCompile>
    <ClCompile Include="engine\3d\model\Mesh.cpp">
      <Filter>engine\3d\model</Filter>
    </ClCompile>
    <ClCompile Include="engine\3d\model\Model.cpp">
      <Filter>engine\3d\model</Filter>
    </ClCompile>
    <ClCompile Include="engine\3d\model\ModelManager.cpp">
      <Filter>engine\3d\model</Filter>
    </ClCompile>
    <ClCompile Include="engine\graphics\resource\SrvManager.cpp">
      <Filter>engine\graphics\resource</Filter>
    </ClCompile>
    <ClCompile Include="engine\graphics\resource\TextureManager.cpp">
      <Filter>engine\graphics\resource</Filter>
    </ClCompile>
  </ItemGroup>
  <ItemGroup>
    <ClInclude Include="application\characters\Enemy.h">
      <Filter>application\characters</Filter>
    </ClInclude>
    <ClInclude Include="application\characters\Player.h">
      <Filter>application\characters</Filter>
    </ClInclude>
    <ClInclude Include="application\core\Framework.h">
      <Filter>application\core</Filter>
    </ClInclude>
    <ClInclude Include="application\scenes\GameScene.h">
      <Filter>application\scenes</Filter>
    </ClInclude>
    <ClInclude Include="application\core\MyGame.h">
      <Filter>application\core</Filter>
    </ClInclude>
    <ClInclude Include="externals\imgui\imconfig.h">
      <Filter>imgui</Filter>
    </ClInclude>
	<ClInclude Include="engine\audio\Audio.h">
	  <Filter>engine\audio</Filter>
	</ClInclude>
    <ClInclude Include="engine\collision\Collision.h">
      <Filter>engine\collision</Filter>
    </ClInclude>
    <ClInclude Include="externals\imgui\imgui.h">
      <Filter>imgui</Filter>
    </ClInclude>
    <ClInclude Include="externals\imgui\imgui_impl_win32.h">
      <Filter>imgui</Filter>
    </ClInclude>
    <ClInclude Include="externals\imgui\imgui_internal.h">
      <Filter>imgui</Filter>
    </ClInclude>
    <ClInclude Include="externals\imgui\imstb_rectpack.h">
      <Filter>imgui</Filter>
    </ClInclude>
    <ClInclude Include="externals\imgui\imstb_textedit.h">
      <Filter>imgui</Filter>
    </ClInclude>
    <ClInclude Include="externals\imgui\imstb_truetype.h">
      <Filter>imgui</Filter>
    </ClInclude>
    <ClInclude Include="externals\imgui\imgui_impl_dx12.h">
      <Filter>imgui</Filter>
    </ClInclude>
    <ClInclude Include="engine\math\Mymath.h">
      <Filter>engine\math</Filter>
    </ClInclude>
	<ClInclude Include="engine\input\Input.h">
      <Filter>engine\input</Filter>
	</ClInclude>
	<ClInclude Include="engine\scene\IScene.h">
	  <Filter>engine\scene</Filter>
	</ClInclude>
	<ClInclude Include="engine\scene\SceneContext.h">
	  <Filter>engine\scene</Filter>
	</ClInclude>
	<ClInclude Include="engine\scene\SceneManager.h">
	  <Filter>engine\scene</Filter>
	</ClInclude>
	<ClInclude Include="engine\graphics\debug\ImGuiManager.h">
		<Filter>engine\graphics\debug</Filter>
	</ClInclude>
    <ClInclude Include="engine\core\WinApp.h">
      <Filter>engine\core</Filter>
    </ClInclude>
    <ClInclude Include="engine\core\DirectXCommon.h">
      <Filter>engine\core</Filter>
    </ClInclude>
    <ClInclude Include="engine\core\timing\FrameRateController.h">
      <Filter>engine\core\timing</Filter>
    </ClInclude>
    <ClInclude Include="engine\core\diagnostics\HResult.h">
      <Filter>engine\core\diagnostics</Filter>
    </ClInclude>
    <ClInclude Include="engine\core\utility\StringUtility.h">
      <Filter>engine\core\utility</Filter>
    </ClInclude>
    <ClInclude Include="engine\core\diagnostics\Logger.h">
      <Filter>engine\core\diagnostics</Filter>
    </ClInclude>
    <ClInclude Include="engine\core\timing\Time.h">
      <Filter>engine\core\timing</Filter>
    </ClInclude>
    <ClInclude Include="engine\core\diagnostics\D3DResourceLeakChecker.h">
      <Filter>engine\core\diagnostics</Filter>
    </ClInclude>
    <ClInclude Include="engine\2d\SpriteCommon.h">
      <Filter>engine\2d</Filter>
    </ClInclude>
    <ClInclude Include="engine\2d\Sprite.h">
      <Filter>engine\2d</Filter>
    </ClInclude>
    <ClInclude Include="engine\3d\object\Object3dCommon.h">
      <Filter>engine\3d\object</Filter>
    </ClInclude>
    <ClInclude Include="engine\3d\object\Object3d.h">
      <Filter>engine\3d\object</Filter>
    </ClInclude>
    <ClInclude Include="engine\3d\camera\Camera.h">
      <Filter>engine\3d\camera</Filter>
    </ClInclude>
    <ClInclude Include="engine\3d\model\MeshGenerator.h">
      <Filter>engine\3d\model</Filter>
    </ClInclude>
    <ClInclude Include="engine\3d\model\Mesh.h">
      <Filter>engine\3d\model</Filter>
    </ClInclude>
    <ClInclude Include="engine\3d\model\Model.h">
      <Filter>engine\3d\model</Filter>
    </ClInclude>
    <ClInclude Include="engine\3d\model\ModelManager.h">
      <Filter>engine\3d\model</Filter>
    </ClInclude>
    <ClInclude Include="engine\graphics\resource\SrvManager.h">
      <Filter>engine\graphics\resource</Filter>
    </ClInclude>
    <ClInclude Include="engine\graphics\resource\TextureManager.h">
      <Filter>engine\graphics\resource</Filter>
    </ClInclude>
  </ItemGroup>
  <ItemGroup>
    <Text Include="externals\imgui\LICENSE.txt">
      <Filter>imgui</Filter>
    </Text>
  </ItemGroup>
  <ItemGroup>
    <None Include="resource\shaders\Object3d.hlsli">
      <Filter>リソース ファイル</Filter>
    </None>
  </ItemGroup>
  <ItemGroup>
    <FxCompile Include="resource\shaders\Object3d.PS.hlsl">
      <Filter>リソース ファイル</Filter>
    </FxCompile>
    <FxCompile Include="resource\shaders\Object3d.VS.hlsl">
      <Filter>リソース ファイル</Filter>
    </FxCompile>
  </ItemGroup>
</Project>
